// !$*UTF8*$!
{
	archiveVersion = 1;
	classes = {
	};
	objectVersion = 50;
	objects = {

/* Begin PBXBuildFile section */
		A31B900F24A9EB5D00AFA835 /* AppDelegate.swift in Sources */ = {isa = PBXBuildFile; fileRef = A31B900E24A9EB5D00AFA835 /* AppDelegate.swift */; };
		A31B901124A9EB5D00AFA835 /* SceneDelegate.swift in Sources */ = {isa = PBXBuildFile; fileRef = A31B901024A9EB5D00AFA835 /* SceneDelegate.swift */; };
		A31B901324A9EB5D00AFA835 /* ViewController.swift in Sources */ = {isa = PBXBuildFile; fileRef = A31B901224A9EB5D00AFA835 /* ViewController.swift */; };
		A31B901624A9EB5D00AFA835 /* Main.storyboard in Resources */ = {isa = PBXBuildFile; fileRef = A31B901424A9EB5D00AFA835 /* Main.storyboard */; };
		A31B901824A9EB5E00AFA835 /* Assets.xcassets in Resources */ = {isa = PBXBuildFile; fileRef = A31B901724A9EB5E00AFA835 /* Assets.xcassets */; };
		A31B901B24A9EB5E00AFA835 /* LaunchScreen.storyboard in Resources */ = {isa = PBXBuildFile; fileRef = A31B901924A9EB5E00AFA835 /* LaunchScreen.storyboard */; };
/* End PBXBuildFile section */

/* Begin PBXFileReference section */
		A31B900B24A9EB5D00AFA835 /* VR360PlayerPractice.app */ = {isa = PBXFileReference; explicitFileType = wrapper.application; includeInIndex = 0; path = VR360PlayerPractice.app; sourceTree = BUILT_PRODUCTS_DIR; };
		A31B900E24A9EB5D00AFA835 /* AppDelegate.swift */ = {isa = PBXFileReference; lastKnownFileType = sourcecode.swift; path = AppDelegate.swift; sourceTree = "<group>"; };
		A31B901024A9EB5D00AFA835 /* SceneDelegate.swift */ = {isa = PBXFileReference; lastKnownFileType = sourcecode.swift; path = SceneDelegate.swift; sourceTree = "<group>"; };
		A31B901224A9EB5D00AFA835 /* ViewController.swift */ = {isa = PBXFileReference; lastKnownFileType = sourcecode.swift; path = ViewController.swift; sourceTree = "<group>"; };
		A31B901524A9EB5D00AFA835 /* Base */ = {isa = PBXFileReference; lastKnownFileType = file.storyboard; name = Base; path = Base.lproj/Main.storyboard; sourceTree = "<group>"; };
		A31B901724A9EB5E00AFA835 /* Assets.xcassets */ = {isa = PBXFileReference; lastKnownFileType = folder.assetcatalog; path = Assets.xcassets; sourceTree = "<group>"; };
		A31B901A24A9EB5E00AFA835 /* Base */ = {isa = PBXFileReference; lastKnownFileType = file.storyboard; name = Base; path = Base.lproj/LaunchScreen.storyboard; sourceTree = "<group>"; };
		A31B901C24A9EB5E00AFA835 /* Info.plist */ = {isa = PBXFileReference; lastKnownFileType = text.plist.xml; path = Info.plist; sourceTree = "<group>"; };
/* End PBXFileReference section */

/* Begin PBXFrameworksBuildPhase section */
		A31B900824A9EB5D00AFA835 /* Frameworks */ = {
			isa = PBXFrameworksBuildPhase;
			buildActionMask = 2147483647;
			files = (
			);
			runOnlyForDeploymentPostprocessing = 0;
		};
/* End PBXFrameworksBuildPhase section */

/* Begin PBXGroup section */
		A31B900224A9EB5D00AFA835 = {
			isa = PBXGroup;
			children = (
				A31B900D24A9EB5D00AFA835 /* VR360PlayerPractice */,
				A31B900C24A9EB5D00AFA835 /* Products */,
			);
			sourceTree = "<group>";
		};
		A31B900C24A9EB5D00AFA835 /* Products */ = {
			isa = PBXGroup;
			children = (
				A31B900B24A9EB5D00AFA835 /* VR360PlayerPractice.app */,
			);
			name = Products;
			sourceTree = "<group>";
		};
		A31B900D24A9EB5D00AFA835 /* VR360PlayerPractice */ = {
			isa = PBXGroup;
			children = (
				A31B900E24A9EB5D00AFA835 /* AppDelegate.swift */,
				A31B901024A9EB5D00AFA835 /* SceneDelegate.swift */,
				A31B901224A9EB5D00AFA835 /* ViewController.swift */,
				A31B901424A9EB5D00AFA835 /* Main.storyboard */,
				A31B901724A9EB5E00AFA835 /* Assets.xcassets */,
				A31B901924A9EB5E00AFA835 /* LaunchScreen.storyboard */,
				A31B901C24A9EB5E00AFA835 /* Info.plist */,
			);
			path = VR360PlayerPractice;
			sourceTree = "<group>";
		};
/* End PBXGroup section */

/* Begin PBXNativeTarget section */
		A31B900A24A9EB5D00AFA835 /* VR360PlayerPractice */ = {
			isa = PBXNativeTarget;
			buildConfigurationList = A31B901F24A9EB5E00AFA835 /* Build configuration list for PBXNativeTarget "VR360PlayerPractice" */;
			buildPhases = (
				A31B900724A9EB5D00AFA835 /* Sources */,
				A31B900824A9EB5D00AFA835 /* Frameworks */,
				A31B900924A9EB5D00AFA835 /* Resources */,
			);
			buildRules = (
			);
			dependencies = (
			);
			name = VR360PlayerPractice;
			productName = VR360PlayerPractice;
			productReference = A31B900B24A9EB5D00AFA835 /* VR360PlayerPractice.app */;
			productType = "com.apple.product-type.application";
		};
/* End PBXNativeTarget section */

/* Begin PBXProject section */
		A31B900324A9EB5D00AFA835 /* Project object */ = {
			isa = PBXProject;
			attributes = {
				LastSwiftUpdateCheck = 1150;
				LastUpgradeCheck = 1150;
				ORGANIZATIONNAME = Gregory;
				TargetAttributes = {
					A31B900A24A9EB5D00AFA835 = {
						CreatedOnToolsVersion = 11.5;
					};
				};
			};
			buildConfigurationList = A31B900624A9EB5D00AFA835 /* Build configuration list for PBXProject "VR360PlayerPractice" */;
			compatibilityVersion = "Xcode 9.3";
			developmentRegion = en;
			hasScannedForEncodings = 0;
			knownRegions = (
				en,
				Base,
			);
			mainGroup = A31B900224A9EB5D00AFA835;
			productRefGroup = A31B900C24A9EB5D00AFA835 /* Products */;
			projectDirPath = "";
			projectRoot = "";
			targets = (
				A31B900A24A9EB5D00AFA835 /* VR360PlayerPractice */,
			);
		};
/* End PBXProject section */

/* Begin PBXResourcesBuildPhase section */
		A31B900924A9EB5D00AFA835 /* Resources */ = {
			isa = PBXResourcesBuildPhase;
			buildActionMask = 2147483647;
			files = (
				A31B901B24A9EB5E00AFA835 /* LaunchScreen.storyboard in Resources */,
				A31B901824A9EB5E00AFA835 /* Assets.xcassets in Resources */,
				A31B901624A9EB5D00AFA835 /* Main.storyboard in Resources */,
			);
			runOnlyForDeploymentPostprocessing = 0;
		};
/* End PBXResourcesBuildPhase section */

/* Begin PBXSourcesBuildPhase section */
		A31B900724A9EB5D00AFA835 /* Sources */ = {
			isa = PBXSourcesBuildPhase;
			buildActionMask = 2147483647;
			files = (
				A31B901324A9EB5D00AFA835 /* ViewController.swift in Sources */,
				A31B900F24A9EB5D00AFA835 /* AppDelegate.swift in Sources */,
				A31B901124A9EB5D00AFA835 /* SceneDelegate.swift in Sources */,
			);
			runOnlyForDeploymentPostprocessing = 0;
		};
/* End PBXSourcesBuildPhase section */

/* Begin PBXVariantGroup section */
		A31B901424A9EB5D00AFA835 /* Main.storyboard */ = {
			isa = PBXVariantGroup;
			children = (
				A31B901524A9EB5D00AFA835 /* Base */,
			);
			name = Main.storyboard;
			sourceTree = "<group>";
		};
		A31B901924A9EB5E00AFA835 /* LaunchScreen.storyboard */ = {
			isa = PBXVariantGroup;
			children = (
				A31B901A24A9EB5E00AFA835 /* Base */,
			);
			name = LaunchScreen.storyboard;
			sourceTree = "<group>";
		};
/* End PBXVariantGroup section */

/* Begin XCBuildConfiguration section */
		A31B901D24A9EB5E00AFA835 /* Debug */ = {
			isa = XCBuildConfiguration;
			buildSettings = {
				ALWAYS_SEARCH_USER_PATHS = NO;
				CLANG_ANALYZER_NONNULL = YES;
				CLANG_ANALYZER_NUMBER_OBJECT_CONVERSION = YES_AGGRESSIVE;
				CLANG_CXX_LANGUAGE_STANDARD = "gnu++14";
				CLANG_CXX_LIBRARY = "libc++";
				CLANG_ENABLE_MODULES = YES;
				CLANG_ENABLE_OBJC_ARC = YES;
				CLANG_ENABLE_OBJC_WEAK = YES;
				CLANG_WARN_BLOCK_CAPTURE_AUTORELEASING = YES;
				CLANG_WARN_BOOL_CONVERSION = YES;
				CLANG_WARN_COMMA = YES;
				CLANG_WARN_CONSTANT_CONVERSION = YES;
				CLANG_WARN_DEPRECATED_OBJC_IMPLEMENTATIONS = YES;
				CLANG_WARN_DIRECT_OBJC_ISA_USAGE = YES_ERROR;
				CLANG_WARN_DOCUMENTATION_COMMENTS = YES;
				CLANG_WARN_EMPTY_BODY = YES;
				CLANG_WARN_ENUM_CONVERSION = YES;
				CLANG_WARN_INFINITE_RECURSION = YES;
				CLANG_WARN_INT_CONVERSION = YES;
				CLANG_WARN_NON_LITERAL_NULL_CONVERSION = YES;
				CLANG_WARN_OBJC_IMPLICIT_RETAIN_SELF = YES;
				CLANG_WARN_OBJC_LITERAL_CONVERSION = YES;
				CLANG_WARN_OBJC_ROOT_CLASS = YES_ERROR;
				CLANG_WARN_RANGE_LOOP_ANALYSIS = YES;
				CLANG_WARN_STRICT_PROTOTYPES = YES;
				CLANG_WARN_SUSPICIOUS_MOVE = YES;
				CLANG_WARN_UNGUARDED_AVAILABILITY = YES_AGGRESSIVE;
				CLANG_WARN_UNREACHABLE_CODE = YES;
				CLANG_WARN__DUPLICATE_METHOD_MATCH = YES;
				COPY_PHASE_STRIP = NO;
				DEBUG_INFORMATION_FORMAT = dwarf;
				ENABLE_STRICT_OBJC_MSGSEND = YES;
				ENABLE_TESTABILITY = YES;
				GCC_C_LANGUAGE_STANDARD = gnu11;
				GCC_DYNAMIC_NO_PIC = NO;
				GCC_NO_COMMON_BLOCKS = YES;
				GCC_OPTIMIZATION_LEVEL = 0;
				GCC_PREPROCESSOR_DEFINITIONS = (
					"DEBUG=1",
					"$(inherited)",
				);
				GCC_WARN_64_TO_32_BIT_CONVERSION = YES;
				GCC_WARN_ABOUT_RETURN_TYPE = YES_ERROR;
				GCC_WARN_UNDECLARED_SELECTOR = YES;
				GCC_WARN_UNINITIALIZED_AUTOS = YES_AGGRESSIVE;
				GCC_WARN_UNUSED_FUNCTION = YES;
				GCC_WARN_UNUSED_VARIABLE = YES;
				IPHONEOS_DEPLOYMENT_TARGET = 13.5;
				MTL_ENABLE_DEBUG_INFO = INCLUDE_SOURCE;
				MTL_FAST_MATH = YES;
				ONLY_ACTIVE_ARCH = YES;
				SDKROOT = iphoneos;
				SWIFT_ACTIVE_COMPILATION_CONDITIONS = DEBUG;
				SWIFT_OPTIMIZATION_LEVEL = "-Onone";
			};
			name = Debug;
		};
		A31B901E24A9EB5E00AFA835 /* Release */ = {
			isa = XCBuildConfiguration;
			buildSettings = {
				ALWAYS_SEARCH_USER_PATHS = NO;
				CLANG_ANALYZER_NONNULL = YES;
				CLANG_ANALYZER_NUMBER_OBJECT_CONVERSION = YES_AGGRESSIVE;
				CLANG_CXX_LANGUAGE_STANDARD = "gnu++14";
				CLANG_CXX_LIBRARY = "libc++";
				CLANG_ENABLE_MODULES = YES;
				CLANG_ENABLE_OBJC_ARC = YES;
				CLANG_ENABLE_OBJC_WEAK = YES;
				CLANG_WARN_BLOCK_CAPTURE_AUTORELEASING = YES;
				CLANG_WARN_BOOL_CONVERSION = YES;
				CLANG_WARN_COMMA = YES;
				CLANG_WARN_CONSTANT_CONVERSION = YES;
				CLANG_WARN_DEPRECATED_OBJC_IMPLEMENTATIONS = YES;
				CLANG_WARN_DIRECT_OBJC_ISA_USAGE = YES_ERROR;
				CLANG_WARN_DOCUMENTATION_COMMENTS = YES;
				CLANG_WARN_EMPTY_BODY = YES;
				CLANG_WARN_ENUM_CONVERSION = YES;
				CLANG_WARN_INFINITE_RECURSION = YES;
				CLANG_WARN_INT_CONVERSION = YES;
				CLANG_WARN_NON_LITERAL_NULL_CONVERSION = YES;
				CLANG_WARN_OBJC_IMPLICIT_RETAIN_SELF = YES;
				CLANG_WARN_OBJC_LITERAL_CONVERSION = YES;
				CLANG_WARN_OBJC_ROOT_CLASS = YES_ERROR;
				CLANG_WARN_RANGE_LOOP_ANALYSIS = YES;
				CLANG_WARN_STRICT_PROTOTYPES = YES;
				CLANG_WARN_SUSPICIOUS_MOVE = YES;
				CLANG_WARN_UNGUARDED_AVAILABILITY = YES_AGGRESSIVE;
				CLANG_WARN_UNREACHABLE_CODE = YES;
				CLANG_WARN__DUPLICATE_METHOD_MATCH = YES;
				COPY_PHASE_STRIP = NO;
				DEBUG_INFORMATION_FORMAT = "dwarf-with-dsym";
				ENABLE_NS_ASSERTIONS = NO;
				ENABLE_STRICT_OBJC_MSGSEND = YES;
				GCC_C_LANGUAGE_STANDARD = gnu11;
				GCC_NO_COMMON_BLOCKS = YES;
				GCC_WARN_64_TO_32_BIT_CONVERSION = YES;
				GCC_WARN_ABOUT_RETURN_TYPE = YES_ERROR;
				GCC_WARN_UNDECLARED_SELECTOR = YES;
				GCC_WARN_UNINITIALIZED_AUTOS = YES_AGGRESSIVE;
				GCC_WARN_UNUSED_FUNCTION = YES;
				GCC_WARN_UNUSED_VARIABLE = YES;
				IPHONEOS_DEPLOYMENT_TARGET = 13.5;
				MTL_ENABLE_DEBUG_INFO = NO;
				MTL_FAST_MATH = YES;
				SDKROOT = iphoneos;
				SWIFT_COMPILATION_MODE = wholemodule;
				SWIFT_OPTIMIZATION_LEVEL = "-O";
				VALIDATE_PRODUCT = YES;
			};
			name = Release;
		};
		A31B902024A9EB5E00AFA835 /* Debug */ = {
			isa = XCBuildConfiguration;
			buildSettings = {
				ASSETCATALOG_COMPILER_APPICON_NAME = AppIcon;
				CODE_SIGN_STYLE = Automatic;
				DEVELOPMENT_TEAM = G4J883BN75;
				INFOPLIST_FILE = VR360PlayerPractice/Info.plist;
				LD_RUNPATH_SEARCH_PATHS = (
					"$(inherited)",
					"@executable_path/Frameworks",
				);
				PRODUCT_BUNDLE_IDENTIFIER = com.gregorykvn.VR360PlayerPractice;
				PRODUCT_NAME = "$(TARGET_NAME)";
				SWIFT_VERSION = 5.0;
				TARGETED_DEVICE_FAMILY = "1,2";
			};
			name = Debug;
		};
		A31B902124A9EB5E00AFA835 /* Release */ = {
			isa = XCBuildConfiguration;
			buildSettings = {
				ASSETCATALOG_COMPILER_APPICON_NAME = AppIcon;
				CODE_SIGN_STYLE = Automatic;
				DEVELOPMENT_TEAM = G4J883BN75;
				INFOPLIST_FILE = VR360PlayerPractice/Info.plist;
				LD_RUNPATH_SEARCH_PATHS = (
					"$(inherited)",
					"@executable_path/Frameworks",
				);
				PRODUCT_BUNDLE_IDENTIFIER = com.gregorykvn.VR360PlayerPractice;
				PRODUCT_NAME = "$(TARGET_NAME)";
				SWIFT_VERSION = 5.0;
				TARGETED_DEVICE_FAMILY = "1,2";
			};
			name = Release;
		};
/* End XCBuildConfiguration section */

/* Begin XCConfigurationList section */
		A31B900624A9EB5D00AFA835 /* Build configuration list for PBXProject "VR360PlayerPractice" */ = {
			isa = XCConfigurationList;
			buildConfigurations = (
				A31B901D24A9EB5E00AFA835 /* Debug */,
				A31B901E24A9EB5E00AFA835 /* Release */,
			);
			defaultConfigurationIsVisible = 0;
			defaultConfigurationName = Release;
		};
		A31B901F24A9EB5E00AFA835 /* Build configuration list for PBXNativeTarget "VR360PlayerPractice" */ = {
			isa = XCConfigurationList;
			buildConfigurations = (
				A31B902024A9EB5E00AFA835 /* Debug */,
				A31B902124A9EB5E00AFA835 /* Release */,
			);
			defaultConfigurationIsVisible = 0;
			defaultConfigurationName = Release;
		};
/* End XCConfigurationList section */
	};
	rootObject = A31B900324A9EB5D00AFA835 /* Project object */;
}
